{
  "name": "workshop-qrcode",
  "version": "1.0.0",
  "lockfileVersion": 3,
  "requires": true,
  "packages": {
    "": {
      "name": "workshop-qrcode",
      "version": "1.0.0",
      "license": "ISC",
      "dependencies": {
        "jQuery": "^1.7.4",
        "yarn": "^1.22.19"
      }
    },
    "node_modules/jQuery": {
      "version": "1.7.4",
      "resolved": "https://registry.npmjs.org/jQuery/-/jQuery-1.7.4.tgz",
      "integrity": "sha512-hf/hWBnkFhu4FzP96tBjZNPF9qTcUaOKFA8hpVJX0Cb/892JefRzoVGCe/vkmry/pOhZiK6VnQvnuV8CoHf1rA==",
      "deprecated": "This is deprecated. Please use 'jquery' (all lowercase).",
      "engines": {
        "node": ">=0.6"
      }
    },
    "node_modules/yarn": {
      "version": "1.22.19",
      "resolved": "https://registry.npmjs.org/yarn/-/yarn-1.22.19.tgz",
      "integrity": "sha512-/0V5q0WbslqnwP91tirOvldvYISzaqhClxzyUKXYxs07yUILIs5jx/k6CFe8bvKSkds5w+eiOqta39Wk3WxdcQ==",
      "hasInstallScript": true,
      "bin": {
        "yarn": "bin/yarn.js",
        "yarnpkg": "bin/yarn.js"
      },
      "engines": {
        "node": ">=4.0.0"
      }
    }
  }
}
